// !$*UTF8*$!
{
	archiveVersion = 1;
	classes = {
	};
	objectVersion = 77;
	objects = {

/* Begin PBXBuildFile section */
		2705AFE62F6CB5910008BE0B /* SportsTracker in Frameworks */ = {isa = PBXBuildFile; productRef = 27CE33A52F6CA67A009DFAE2 /* SportsTracker */; };
/* End PBXBuildFile section */

/* Begin PBXContainerItemProxy section */
		27CE33882F6CA63C009DFAE2 /* PBXContainerItemProxy */ = {
			isa = PBXContainerItemProxy;
			containerPortal = 27CE33702F6CA63B009DFAE2 /* Project object */;
			proxyType = 1;
			remoteGlobalIDString = 27CE33772F6CA63B009DFAE2;
			remoteInfo = SportsTrackerApp;
		};
		27CE33922F6CA63C009DFAE2 /* PBXContainerItemProxy */ = {
			isa = PBXContainerItemProxy;
			containerPortal = 27CE33702F6CA63B009DFAE2 /* Project object */;
			proxyType = 1;
			remoteGlobalIDString = 27CE33772F6CA63B009DFAE2;
			remoteInfo = SportsTrackerApp;
		};
/* End PBXContainerItemProxy section */

/* Begin PBXFileReference section */
		27CE33782F6CA63B009DFAE2 /* SportsTrackerApp.app */ = {isa = PBXFileReference; explicitFileType = wrapper.application; includeInIndex = 0; path = SportsTrackerApp.app; sourceTree = BUILT_PRODUCTS_DIR; };
		27CE33872F6CA63C009DFAE2 /* SportsTrackerAppTests.xctest */ = {isa = PBXFileReference; explicitFileType = wrapper.cfbundle; includeInIndex = 0; path = SportsTrackerAppTests.xctest; sourceTree = BUILT_PRODUCTS_DIR; };
		27CE33912F6CA63C009DFAE2 /* SportsTrackerAppUITests.xctest */ = {isa = PBXFileReference; explicitFileType = wrapper.cfbundle; includeInIndex = 0; path = SportsTrackerAppUITests.xctest; sourceTree = BUILT_PRODUCTS_DIR; };
/* End PBXFileReference section */

/* Begin PBXFileSystemSynchronizedRootGroup section */
		27CE337A2F6CA63B009DFAE2 /* SportsTrackerApp */ = {
			isa = PBXFileSystemSynchronizedRootGroup;
			path = SportsTrackerApp;
			sourceTree = "<group>";
		};
		27CE338A2F6CA63C009DFAE2 /* SportsTrackerAppTests */ = {
			isa = PBXFileSystemSynchronizedRootGroup;
			path = SportsTrackerAppTests;
			sourceTree = "<group>";
		};
		27CE33942F6CA63C009DFAE2 /* SportsTrackerAppUITests */ = {
			isa = PBXFileSystemSynchronizedRootGroup;
			path = SportsTrackerAppUITests;
			sourceTree = "<group>";
		};
/* End PBXFileSystemSynchronizedRootGroup section */

/* Begin PBXFrameworksBuildPhase section */
		27CE33752F6CA63B009DFAE2 /* Frameworks */ = {
			isa = PBXFrameworksBuildPhase;
			buildActionMask = 2147483647;
			files = (
				2705AFE62F6CB5910008BE0B /* SportsTracker in Frameworks */,
			);
			runOnlyForDeploymentPostprocessing = 0;
		};
		27CE33842F6CA63C009DFAE2 /* Frameworks */ = {
			isa = PBXFrameworksBuildPhase;
			buildActionMask = 2147483647;
			files = (
			);
			runOnlyForDeploymentPostprocessing = 0;
		};
		27CE338E2F6CA63C009DFAE2 /* Frameworks */ = {
			isa = PBXFrameworksBuildPhase;
			buildActionMask = 2147483647;
			files = (
			);
			runOnlyForDeploymentPostprocessing = 0;
		};
/* End PBXFrameworksBuildPhase section */

/* Begin PBXGroup section */
		27CE336F2F6CA63B009DFAE2 = {
			isa = PBXGroup;
			children = (
				27CE337A2F6CA63B009DFAE2 /* SportsTrackerApp */,
				27CE338A2F6CA63C009DFAE2 /* SportsTrackerAppTests */,
				27CE33942F6CA63C009DFAE2 /* SportsTrackerAppUITests */,
				27CE33792F6CA63B009DFAE2 /* Products */,
			);
			sourceTree = "<group>";
		};
		27CE33792F6CA63B009DFAE2 /* Products */ = {
			isa = PBXGroup;
			children = (
				27CE33782F6CA63B009DFAE2 /* SportsTrackerApp.app */,
				27CE33872F6CA63C009DFAE2 /* SportsTrackerAppTests.xctest */,
				27CE33912F6CA63C009DFAE2 /* SportsTrackerAppUITests.xctest */,
			);
			name = Products;
			sourceTree = "<group>";
		};
/* End PBXGroup section */

/* Begin PBXNativeTarget section */
		27CE33772F6CA63B009DFAE2 /* SportsTrackerApp */ = {
			isa = PBXNativeTarget;
			buildConfigurationList = 27CE339B2F6CA63C009DFAE2 /* Build configuration list for PBXNativeTarget "SportsTrackerApp" */;
			buildPhases = (
				27CE33742F6CA63B009DFAE2 /* Sources */,
				27CE33752F6CA63B009DFAE2 /* Frameworks */,
				27CE33762F6CA63B009DFAE2 /* Resources */,
			);
			buildRules = (
			);
			dependencies = (
			);
			fileSystemSynchronizedGroups = (
				27CE337A2F6CA63B009DFAE2 /* SportsTrackerApp */,
			);
			name = SportsTrackerApp;
			packageProductDependencies = (
				27CE33A52F6CA67A009DFAE2 /* SportsTracker */,
			);
			productName = SportsTrackerApp;
			productReference = 27CE33782F6CA63B009DFAE2 /* SportsTrackerApp.app */;
			productType = "com.apple.product-type.application";
		};
		27CE33862F6CA63C009DFAE2 /* SportsTrackerAppTests */ = {
			isa = PBXNativeTarget;
			buildConfigurationList = 27CE339E2F6CA63C009DFAE2 /* Build configuration list for PBXNativeTarget "SportsTrackerAppTests" */;
			buildPhases = (
				27CE33832F6CA63C009DFAE2 /* Sources */,
				27CE33842F6CA63C009DFAE2 /* Frameworks */,
				27CE33852F6CA63C009DFAE2 /* Resources */,
			);
			buildRules = (
			);
			dependencies = (
				27CE33892F6CA63C009DFAE2 /* PBXTargetDependency */,
			);
			fileSystemSynchronizedGroups = (
				27CE338A2F6CA63C009DFAE2 /* SportsTrackerAppTests */,
			);
			name = SportsTrackerAppTests;
			packageProductDependencies = (
			);
			productName = SportsTrackerAppTests;
			productReference = 27CE33872F6CA63C009DFAE2 /* SportsTrackerAppTests.xctest */;
			productType = "com.apple.product-type.bundle.unit-test";
		};
		27CE33902F6CA63C009DFAE2 /* SportsTrackerAppUITests */ = {
			isa = PBXNativeTarget;
			buildConfigurationList = 27CE33A12F6CA63C009DFAE2 /* Build configuration list for PBXNativeTarget "SportsTrackerAppUITests" */;
			buildPhases = (
				27CE338D2F6CA63C009DFAE2 /* Sources */,
				27CE338E2F6CA63C009DFAE2 /* Frameworks */,
				27CE338F2F6CA63C009DFAE2 /* Resources */,
			);
			buildRules = (
			);
			dependencies = (
				27CE33932F6CA63C009DFAE2 /* PBXTargetDependency */,
			);
			fileSystemSynchronizedGroups = (
				27CE33942F6CA63C009DFAE2 /* SportsTrackerAppUITests */,
			);
			name = SportsTrackerAppUITests;
			packageProductDependencies = (
			);
			productName = SportsTrackerAppUITests;
			productReference = 27CE33912F6CA63C009DFAE2 /* SportsTrackerAppUITests.xctest */;
			productType = "com.apple.product-type.bundle.ui-testing";
		};
/* End PBXNativeTarget section */

/* Begin PBXProject section */
		27CE33702F6CA63B009DFAE2 /* Project object */ = {
			isa = PBXProject;
			attributes = {
				BuildIndependentTargetsInParallel = 1;
				LastSwiftUpdateCheck = 2640;
				LastUpgradeCheck = 2640;
				TargetAttributes = {
					27CE33772F6CA63B009DFAE2 = {
						CreatedOnToolsVersion = 26.4;
					};
					27CE33862F6CA63C009DFAE2 = {
						CreatedOnToolsVersion = 26.4;
						TestTargetID = 27CE33772F6CA63B009DFAE2;
					};
					27CE33902F6CA63C009DFAE2 = {
						CreatedOnToolsVersion = 26.4;
						TestTargetID = 27CE33772F6CA63B009DFAE2;
					};
				};
			};
			buildConfigurationList = 27CE33732F6CA63B009DFAE2 /* Build configuration list for PBXProject "SportsTrackerApp" */;
			developmentRegion = en;
			hasScannedForEncodings = 0;
			knownRegions = (
				en,
				Base,
			);
			mainGroup = 27CE336F2F6CA63B009DFAE2;
			minimizedProjectReferenceProxies = 1;
			packageReferences = (
				27CE33A42F6CA67A009DFAE2 /* XCLocalSwiftPackageReference "../ios" */,
			);
			preferredProjectObjectVersion = 77;
			productRefGroup = 27CE33792F6CA63B009DFAE2 /* Products */;
			projectDirPath = "";
			projectRoot = "";
			targets = (
				27CE33772F6CA63B009DFAE2 /* SportsTrackerApp */,
				27CE33862F6CA63C009DFAE2 /* SportsTrackerAppTests */,
				27CE33902F6CA63C009DFAE2 /* SportsTrackerAppUITests */,
			);
		};
/* End PBXProject section */

/* Begin PBXResourcesBuildPhase section */
		27CE33762F6CA63B009DFAE2 /* Resources */ = {
			isa = PBXResourcesBuildPhase;
			buildActionMask = 2147483647;
			files = (
			);
			runOnlyForDeploymentPostprocessing = 0;
		};
		27CE33852F6CA63C009DFAE2 /* Resources */ = {
			isa = PBXResourcesBuildPhase;
			buildActionMask = 2147483647;
			files = (
			);
			runOnlyForDeploymentPostprocessing = 0;
		};
		27CE338F2F6CA63C009DFAE2 /* Resources */ = {
			isa = PBXResourcesBuildPhase;
			buildActionMask = 2147483647;
			files = (
			);
			runOnlyForDeploymentPostprocessing = 0;
		};
/* End PBXResourcesBuildPhase section */

/* Begin PBXSourcesBuildPhase section */
		27CE33742F6CA63B009DFAE2 /* Sources */ = {
			isa = PBXSourcesBuildPhase;
			buildActionMask = 2147483647;
			files = (
			);
			runOnlyForDeploymentPostprocessing = 0;
		};
		27CE33832F6CA63C009DFAE2 /* Sources */ = {
			isa = PBXSourcesBuildPhase;
			buildActionMask = 2147483647;
			files = (
			);
			runOnlyForDeploymentPostprocessing = 0;
		};
		27CE338D2F6CA63C009DFAE2 /* Sources */ = {
			isa = PBXSourcesBuildPhase;
			buildActionMask = 2147483647;
			files = (
			);
			runOnlyForDeploymentPostprocessing = 0;
		};
/* End PBXSourcesBuildPhase section */

/* Begin PBXTargetDependency section */
		27CE33892F6CA63C009DFAE2 /* PBXTargetDependency */ = {
			isa = PBXTargetDependency;
			target = 27CE33772F6CA63B009DFAE2 /* SportsTrackerApp */;
			targetProxy = 27CE33882F6CA63C009DFAE2 /* PBXContainerItemProxy */;
		};
		27CE33932F6CA63C009DFAE2 /* PBXTargetDependency */ = {
			isa = PBXTargetDependency;
			target = 27CE33772F6CA63B009DFAE2 /* SportsTrackerApp */;
			targetProxy = 27CE33922F6CA63C009DFAE2 /* PBXContainerItemProxy */;
		};
/* End PBXTargetDependency section */

/* Begin XCBuildConfiguration section */
		27CE33992F6CA63C009DFAE2 /* Debug */ = {
			isa = XCBuildConfiguration;
			buildSettings = {
				ALWAYS_SEARCH_USER_PATHS = NO;
				ASSETCATALOG_COMPILER_GENERATE_SWIFT_ASSET_SYMBOL_EXTENSIONS = YES;
				CLANG_ANALYZER_NONNULL = YES;
				CLANG_ANALYZER_NUMBER_OBJECT_CONVERSION = YES_AGGRESSIVE;
				CLANG_CXX_LANGUAGE_STANDARD = "gnu++20";
				CLANG_ENABLE_MODULES = YES;
				CLANG_ENABLE_OBJC_ARC = YES;
				CLANG_ENABLE_OBJC_WEAK = YES;
				CLANG_WARN_BLOCK_CAPTURE_AUTORELEASING = YES;
				CLANG_WARN_BOOL_CONVERSION = YES;
				CLANG_WARN_COMMA = YES;
				CLANG_WARN_CONSTANT_CONVERSION = YES;
				CLANG_WARN_DEPRECATED_OBJC_IMPLEMENTATIONS = YES;
				CLANG_WARN_DIRECT_OBJC_ISA_USAGE = YES_ERROR;
				CLANG_WARN_DOCUMENTATION_COMMENTS = YES;
				CLANG_WARN_EMPTY_BODY = YES;
				CLANG_WARN_ENUM_CONVERSION = YES;
				CLANG_WARN_INFINITE_RECURSION = YES;
				CLANG_WARN_INT_CONVERSION = YES;
				CLANG_WARN_NON_LITERAL_NULL_CONVERSION = YES;
				CLANG_WARN_OBJC_IMPLICIT_RETAIN_SELF = YES;
				CLANG_WARN_OBJC_LITERAL_CONVERSION = YES;
				CLANG_WARN_OBJC_ROOT_CLASS = YES_ERROR;
				CLANG_WARN_QUOTED_INCLUDE_IN_FRAMEWORK_HEADER = YES;
				CLANG_WARN_RANGE_LOOP_ANALYSIS = YES;
				CLANG_WARN_STRICT_PROTOTYPES = YES;
				CLANG_WARN_SUSPICIOUS_MOVE = YES;
				CLANG_WARN_UNGUARDED_AVAILABILITY = YES_AGGRESSIVE;
				CLANG_WARN_UNREACHABLE_CODE = YES;
				CLANG_WARN__DUPLICATE_METHOD_MATCH = YES;
				COPY_PHASE_STRIP = NO;
				DEBUG_INFORMATION_FORMAT = dwarf;
				DEVELOPMENT_TEAM = 3AZA98GG4F;
				ENABLE_STRICT_OBJC_MSGSEND = YES;
				ENABLE_TESTABILITY = YES;
				ENABLE_USER_SCRIPT_SANDBOXING = YES;
				GCC_C_LANGUAGE_STANDARD = gnu17;
				GCC_DYNAMIC_NO_PIC = NO;
				GCC_NO_COMMON_BLOCKS = YES;
				GCC_OPTIMIZATION_LEVEL = 0;
				GCC_PREPROCESSOR_DEFINITIONS = (
					"DEBUG=1",
					"$(inherited)",
				);
				GCC_WARN_64_TO_32_BIT_CONVERSION = YES;
				GCC_WARN_ABOUT_RETURN_TYPE = YES_ERROR;
				GCC_WARN_UNDECLARED_SELECTOR = YES;
				GCC_WARN_UNINITIALIZED_AUTOS = YES_AGGRESSIVE;
				GCC_WARN_UNUSED_FUNCTION = YES;
				GCC_WARN_UNUSED_VARIABLE = YES;
				IPHONEOS_DEPLOYMENT_TARGET = 26.4;
				LOCALIZATION_PREFERS_STRING_CATALOGS = YES;
				MTL_ENABLE_DEBUG_INFO = INCLUDE_SOURCE;
				MTL_FAST_MATH = YES;
				ONLY_ACTIVE_ARCH = YES;
				SDKROOT = iphoneos;
				SUPPORTED_PLATFORMS = "iphoneos iphonesimulator";
				SWIFT_ACTIVE_COMPILATION_CONDITIONS = "DEBUG $(inherited)";
				SWIFT_OPTIMIZATION_LEVEL = "-Onone";
			};
			name = Debug;
		};
		27CE339A2F6CA63C009DFAE2 /* Release */ = {
			isa = XCBuildConfiguration;
			buildSettings = {
				ALWAYS_SEARCH_USER_PATHS = NO;
				ASSETCATALOG_COMPILER_GENERATE_SWIFT_ASSET_SYMBOL_EXTENSIONS = YES;
				CLANG_ANALYZER_NONNULL = YES;
				CLANG_ANALYZER_NUMBER_OBJECT_CONVERSION = YES_AGGRESSIVE;
				CLANG_CXX_LANGUAGE_STANDARD = "gnu++20";
				CLANG_ENABLE_MODULES = YES;
				CLANG_ENABLE_OBJC_ARC = YES;
				CLANG_ENABLE_OBJC_WEAK = YES;
				CLANG_WARN_BLOCK_CAPTURE_AUTORELEASING = YES;
				CLANG_WARN_BOOL_CONVERSION = YES;
				CLANG_WARN_COMMA = YES;
				CLANG_WARN_CONSTANT_CONVERSION = YES;
				CLANG_WARN_DEPRECATED_OBJC_IMPLEMENTATIONS = YES;
				CLANG_WARN_DIRECT_OBJC_ISA_USAGE = YES_ERROR;
				CLANG_WARN_DOCUMENTATION_COMMENTS = YES;
				CLANG_WARN_EMPTY_BODY = YES;
				CLANG_WARN_ENUM_CONVERSION = YES;
				CLANG_WARN_INFINITE_RECURSION = YES;
				CLANG_WARN_INT_CONVERSION = YES;
				CLANG_WARN_NON_LITERAL_NULL_CONVERSION = YES;
				CLANG_WARN_OBJC_IMPLICIT_RETAIN_SELF = YES;
				CLANG_WARN_OBJC_LITERAL_CONVERSION = YES;
				CLANG_WARN_OBJC_ROOT_CLASS = YES_ERROR;
				CLANG_WARN_QUOTED_INCLUDE_IN_FRAMEWORK_HEADER = YES;
				CLANG_WARN_RANGE_LOOP_ANALYSIS = YES;
				CLANG_WARN_STRICT_PROTOTYPES = YES;
				CLANG_WARN_SUSPICIOUS_MOVE = YES;
				CLANG_WARN_UNGUARDED_AVAILABILITY = YES_AGGRESSIVE;
				CLANG_WARN_UNREACHABLE_CODE = YES;
				CLANG_WARN__DUPLICATE_METHOD_MATCH = YES;
				COPY_PHASE_STRIP = NO;
				DEBUG_INFORMATION_FORMAT = "dwarf-with-dsym";
				DEVELOPMENT_TEAM = 3AZA98GG4F;
				ENABLE_NS_ASSERTIONS = NO;
				ENABLE_STRICT_OBJC_MSGSEND = YES;
				ENABLE_USER_SCRIPT_SANDBOXING = YES;
				GCC_C_LANGUAGE_STANDARD = gnu17;
				GCC_NO_COMMON_BLOCKS = YES;
				GCC_WARN_64_TO_32_BIT_CONVERSION = YES;
				GCC_WARN_ABOUT_RETURN_TYPE = YES_ERROR;
				GCC_WARN_UNDECLARED_SELECTOR = YES;
				GCC_WARN_UNINITIALIZED_AUTOS = YES_AGGRESSIVE;
				GCC_WARN_UNUSED_FUNCTION = YES;
				GCC_WARN_UNUSED_VARIABLE = YES;
				IPHONEOS_DEPLOYMENT_TARGET = 26.4;
				LOCALIZATION_PREFERS_STRING_CATALOGS = YES;
				MTL_ENABLE_DEBUG_INFO = NO;
				MTL_FAST_MATH = YES;
				SDKROOT = iphoneos;
				SUPPORTED_PLATFORMS = "iphoneos iphonesimulator";
				SWIFT_COMPILATION_MODE = wholemodule;
				VALIDATE_PRODUCT = YES;
			};
			name = Release;
		};
		27CE339C2F6CA63C009DFAE2 /* Debug */ = {
			isa = XCBuildConfiguration;
			buildSettings = {
				ASSETCATALOG_COMPILER_APPICON_NAME = AppIcon;
				ASSETCATALOG_COMPILER_GLOBAL_ACCENT_COLOR_NAME = AccentColor;
				CODE_SIGN_STYLE = Automatic;
				CURRENT_PROJECT_VERSION = 1;
				DEVELOPMENT_TEAM = 3AZA98GG4F;
				ENABLE_PREVIEWS = YES;
				GENERATE_INFOPLIST_FILE = NO;
				INFOPLIST_FILE = Info.plist;
				INFOPLIST_KEY_UIApplicationSceneManifest_Generation = YES;
				INFOPLIST_KEY_UIApplicationSupportsIndirectInputEvents = YES;
				INFOPLIST_KEY_UILaunchScreen_Generation = YES;
				INFOPLIST_KEY_UISupportedInterfaceOrientations_iPad = "UIInterfaceOrientationPortrait UIInterfaceOrientationPortraitUpsideDown UIInterfaceOrientationLandscapeLeft UIInterfaceOrientationLandscapeRight";
				INFOPLIST_KEY_UISupportedInterfaceOrientations_iPhone = "UIInterfaceOrientationPortrait UIInterfaceOrientationLandscapeLeft UIInterfaceOrientationLandscapeRight";
				LD_RUNPATH_SEARCH_PATHS = (
					"$(inherited)",
					"@executable_path/Frameworks",
				);
				MARKETING_VERSION = 1.0;
				PRODUCT_BUNDLE_IDENTIFIER = VPL.SportsTrackerApp;
				PRODUCT_NAME = "$(TARGET_NAME)";
				STRING_CATALOG_GENERATE_SYMBOLS = YES;
				SUPABASE_ANON_KEY = sb_publishable_ACJWlzQHlZjBrEguHvfOxg_3BJgxAaH;
				SUPABASE_URL = "http://127.0.0.1:54321";
				SUPPORTED_PLATFORMS = "iphoneos iphonesimulator";
				SWIFT_APPROACHABLE_CONCURRENCY = YES;
				SWIFT_DEFAULT_ACTOR_ISOLATION = MainActor;
				SWIFT_EMIT_LOC_STRINGS = YES;
				SWIFT_UPCOMING_FEATURE_MEMBER_IMPORT_VISIBILITY = YES;
				SWIFT_VERSION = 5.0;
				TARGETED_DEVICE_FAMILY = "1,2";
			};
			name = Debug;
		};
		27CE339D2F6CA63C009DFAE2 /* Release */ = {
			isa = XCBuildConfiguration;
			buildSettings = {
				ASSETCATALOG_COMPILER_APPICON_NAME = AppIcon;
				ASSETCATALOG_COMPILER_GLOBAL_ACCENT_COLOR_NAME = AccentColor;
				CODE_SIGN_STYLE = Automatic;
				CURRENT_PROJECT_VERSION = 1;
				DEVELOPMENT_TEAM = 3AZA98GG4F;
				ENABLE_PREVIEWS = YES;
				GENERATE_INFOPLIST_FILE = NO;
				INFOPLIST_FILE = Info.plist;
				INFOPLIST_KEY_UIApplicationSceneManifest_Generation = YES;
				INFOPLIST_KEY_UIApplicationSupportsIndirectInputEvents = YES;
				INFOPLIST_KEY_UILaunchScreen_Generation = YES;
				INFOPLIST_KEY_UISupportedInterfaceOrientations_iPad = "UIInterfaceOrientationPortrait UIInterfaceOrientationPortraitUpsideDown UIInterfaceOrientationLandscapeLeft UIInterfaceOrientationLandscapeRight";
				INFOPLIST_KEY_UISupportedInterfaceOrientations_iPhone = "UIInterfaceOrientationPortrait UIInterfaceOrientationLandscapeLeft UIInterfaceOrientationLandscapeRight";
				LD_RUNPATH_SEARCH_PATHS = (
					"$(inherited)",
					"@executable_path/Frameworks",
				);
				MARKETING_VERSION = 1.0;
				PRODUCT_BUNDLE_IDENTIFIER = VPL.SportsTrackerApp;
				PRODUCT_NAME = "$(TARGET_NAME)";
				STRING_CATALOG_GENERATE_SYMBOLS = YES;
				SUPPORTED_PLATFORMS = "iphoneos iphonesimulator";
				SWIFT_APPROACHABLE_CONCURRENCY = YES;
				SWIFT_DEFAULT_ACTOR_ISOLATION = MainActor;
				SWIFT_EMIT_LOC_STRINGS = YES;
				SWIFT_UPCOMING_FEATURE_MEMBER_IMPORT_VISIBILITY = YES;
				SWIFT_VERSION = 5.0;
				TARGETED_DEVICE_FAMILY = "1,2";
			};
			name = Release;
		};
		27CE339F2F6CA63C009DFAE2 /* Debug */ = {
			isa = XCBuildConfiguration;
			buildSettings = {
				BUNDLE_LOADER = "$(TEST_HOST)";
				CODE_SIGN_STYLE = Automatic;
				CURRENT_PROJECT_VERSION = 1;
				DEVELOPMENT_TEAM = 3AZA98GG4F;
				GENERATE_INFOPLIST_FILE = YES;
				IPHONEOS_DEPLOYMENT_TARGET = 26.4;
				MARKETING_VERSION = 1.0;
				PRODUCT_BUNDLE_IDENTIFIER = VPL.SportsTrackerAppTests;
				PRODUCT_NAME = "$(TARGET_NAME)";
				STRING_CATALOG_GENERATE_SYMBOLS = NO;
				SWIFT_APPROACHABLE_CONCURRENCY = YES;
				SWIFT_EMIT_LOC_STRINGS = NO;
				SWIFT_UPCOMING_FEATURE_MEMBER_IMPORT_VISIBILITY = YES;
				SWIFT_VERSION = 5.0;
				TARGETED_DEVICE_FAMILY = "1,2";
				TEST_HOST = "$(BUILT_PRODUCTS_DIR)/SportsTrackerApp.app/$(BUNDLE_EXECUTABLE_FOLDER_PATH)/SportsTrackerApp";
			};
			name = Debug;
		};
		27CE33A02F6CA63C009DFAE2 /* Release */ = {
			isa = XCBuildConfiguration;
			buildSettings = {
				BUNDLE_LOADER = "$(TEST_HOST)";
				CODE_SIGN_STYLE = Automatic;
				CURRENT_PROJECT_VERSION = 1;
				DEVELOPMENT_TEAM = 3AZA98GG4F;
				GENERATE_INFOPLIST_FILE = YES;
				IPHONEOS_DEPLOYMENT_TARGET = 26.4;
				MARKETING_VERSION = 1.0;
				PRODUCT_BUNDLE_IDENTIFIER = VPL.SportsTrackerAppTests;
				PRODUCT_NAME = "$(TARGET_NAME)";
				STRING_CATALOG_GENERATE_SYMBOLS = NO;
				SWIFT_APPROACHABLE_CONCURRENCY = YES;
				SWIFT_EMIT_LOC_STRINGS = NO;
				SWIFT_UPCOMING_FEATURE_MEMBER_IMPORT_VISIBILITY = YES;
				SWIFT_VERSION = 5.0;
				TARGETED_DEVICE_FAMILY = "1,2";
				TEST_HOST = "$(BUILT_PRODUCTS_DIR)/SportsTrackerApp.app/$(BUNDLE_EXECUTABLE_FOLDER_PATH)/SportsTrackerApp";
			};
			name = Release;
		};
		27CE33A22F6CA63C009DFAE2 /* Debug */ = {
			isa = XCBuildConfiguration;
			buildSettings = {
				CODE_SIGN_STYLE = Automatic;
				CURRENT_PROJECT_VERSION = 1;
				DEVELOPMENT_TEAM = 3AZA98GG4F;
				GENERATE_INFOPLIST_FILE = YES;
				MARKETING_VERSION = 1.0;
				PRODUCT_BUNDLE_IDENTIFIER = VPL.SportsTrackerAppUITests;
				PRODUCT_NAME = "$(TARGET_NAME)";
				STRING_CATALOG_GENERATE_SYMBOLS = NO;
				SWIFT_APPROACHABLE_CONCURRENCY = YES;
				SWIFT_EMIT_LOC_STRINGS = NO;
				SWIFT_UPCOMING_FEATURE_MEMBER_IMPORT_VISIBILITY = YES;
				SWIFT_VERSION = 5.0;
				TARGETED_DEVICE_FAMILY = "1,2";
				TEST_TARGET_NAME = SportsTrackerApp;
			};
			name = Debug;
		};
		27CE33A32F6CA63C009DFAE2 /* Release */ = {
			isa = XCBuildConfiguration;
			buildSettings = {
				CODE_SIGN_STYLE = Automatic;
				CURRENT_PROJECT_VERSION = 1;
				DEVELOPMENT_TEAM = 3AZA98GG4F;
				GENERATE_INFOPLIST_FILE = YES;
				MARKETING_VERSION = 1.0;
				PRODUCT_BUNDLE_IDENTIFIER = VPL.SportsTrackerAppUITests;
				PRODUCT_NAME = "$(TARGET_NAME)";
				STRING_CATALOG_GENERATE_SYMBOLS = NO;
				SWIFT_APPROACHABLE_CONCURRENCY = YES;
				SWIFT_EMIT_LOC_STRINGS = NO;
				SWIFT_UPCOMING_FEATURE_MEMBER_IMPORT_VISIBILITY = YES;
				SWIFT_VERSION = 5.0;
				TARGETED_DEVICE_FAMILY = "1,2";
				TEST_TARGET_NAME = SportsTrackerApp;
			};
			name = Release;
		};
/* End XCBuildConfiguration section */

/* Begin XCConfigurationList section */
		27CE33732F6CA63B009DFAE2 /* Build configuration list for PBXProject "SportsTrackerApp" */ = {
			isa = XCConfigurationList;
			buildConfigurations = (
				27CE33992F6CA63C009DFAE2 /* Debug */,
				27CE339A2F6CA63C009DFAE2 /* Release */,
			);
			defaultConfigurationIsVisible = 0;
			defaultConfigurationName = Release;
		};
		27CE339B2F6CA63C009DFAE2 /* Build configuration list for PBXNativeTarget "SportsTrackerApp" */ = {
			isa = XCConfigurationList;
			buildConfigurations = (
				27CE339C2F6CA63C009DFAE2 /* Debug */,
				27CE339D2F6CA63C009DFAE2 /* Release */,
			);
			defaultConfigurationIsVisible = 0;
			defaultConfigurationName = Release;
		};
		27CE339E2F6CA63C009DFAE2 /* Build configuration list for PBXNativeTarget "SportsTrackerAppTests" */ = {
			isa = XCConfigurationList;
			buildConfigurations = (
				27CE339F2F6CA63C009DFAE2 /* Debug */,
				27CE33A02F6CA63C009DFAE2 /* Release */,
			);
			defaultConfigurationIsVisible = 0;
			defaultConfigurationName = Release;
		};
		27CE33A12F6CA63C009DFAE2 /* Build configuration list for PBXNativeTarget "SportsTrackerAppUITests" */ = {
			isa = XCConfigurationList;
			buildConfigurations = (
				27CE33A22F6CA63C009DFAE2 /* Debug */,
				27CE33A32F6CA63C009DFAE2 /* Release */,
			);
			defaultConfigurationIsVisible = 0;
			defaultConfigurationName = Release;
		};
/* End XCConfigurationList section */

/* Begin XCLocalSwiftPackageReference section */
		27CE33A42F6CA67A009DFAE2 /* XCLocalSwiftPackageReference "../ios" */ = {
			isa = XCLocalSwiftPackageReference;
			relativePath = ../ios;
		};
/* End XCLocalSwiftPackageReference section */

/* Begin XCSwiftPackageProductDependency section */
		27CE33A52F6CA67A009DFAE2 /* SportsTracker */ = {
			isa = XCSwiftPackageProductDependency;
			package = 27CE33A42F6CA67A009DFAE2 /* XCLocalSwiftPackageReference "../ios" */;
			productName = SportsTracker;
		};
/* End XCSwiftPackageProductDependency section */
	};
	rootObject = 27CE33702F6CA63B009DFAE2 /* Project object */;
}
